
Microsoft Visual Studio Solution File, Format Version 12.00
# Visual Studio Version 16
VisualStudioVersion = 16.0.30128.36
MinimumVisualStudioVersion = 10.0.40219.1
Project("{9A19103F-16F7-4668-BE54-9A1E7A4F7556}") = "Opus", "Opus\Opus.csproj", "{CF5A114C-6FDB-4AEA-8083-A188156B89C0}"
EndProject
Project("{9A19103F-16F7-4668-BE54-9A1E7A4F7556}") = "_build", "..\build\_build.csproj", "{92A14B26-A631-4904-99BE-988108DD5DDD}"
EndProject
Project("{2150E333-8FDC-42A3-9474-1A3956D46DE8}") = "Solution Items", "Solution Items", "{D3DC3495-410A-4BF1-BF30-3EA7824820FD}"
	ProjectSection(SolutionItems) = preProject
		.editorconfig = .editorconfig
	EndProjectSection
EndProject
Global
	GlobalSection(SolutionConfigurationPlatforms) = preSolution
		Debug|Any CPU = Debug|Any CPU
		Release|Any CPU = Release|Any CPU
	EndGlobalSection
	GlobalSection(ProjectConfigurationPlatforms) = postSolution
		{CF5A114C-6FDB-4AEA-8083-A188156B89C0}.Debug|Any CPU.ActiveCfg = Debug|Any CPU
		{CF5A114C-6FDB-4AEA-8083-A188156B89C0}.Debug|Any CPU.Build.0 = Debug|Any CPU
		{CF5A114C-6FDB-4AEA-8083-A188156B89C0}.Release|Any CPU.ActiveCfg = Release|Any CPU
		{CF5A114C-6FDB-4AEA-8083-A188156B89C0}.Release|Any CPU.Build.0 = Release|Any CPU
		{92A14B26-A631-4904-99BE-988108DD5DDD}.Debug|Any CPU.ActiveCfg = Debug|Any CPU
		{92A14B26-A631-4904-99BE-988108DD5DDD}.Release|Any CPU.ActiveCfg = Release|Any CPU
	EndGlobalSection
	GlobalSection(SolutionProperties) = preSolution
		HideSolutionNode = FALSE
	EndGlobalSection
	GlobalSection(ExtensibilityGlobals) = postSolution
		SolutionGuid = {1872DA3C-4280-4988-A4C8-BF29AB5B2A01}
	EndGlobalSection
EndGlobal
