
Microsoft Visual Studio Solution File, Format Version 12.00
# Visual Studio Version 16
VisualStudioVersion = 16.0.30128.36
MinimumVisualStudioVersion = 10.0.40219.1
Project("{FAE04EC0-301F-11D3-BF4B-00C04F79EFBC}") = "Opus", "Opus\Opus.csproj", "{CF5A114C-6FDB-4AEA-8083-A188156B89C0}"
EndProject
Global
	GlobalSection(SolutionConfigurationPlatforms) = preSolution
		Debug|Any CPU = Debug|Any CPU
		Release|Any CPU = Release|Any CPU
	EndGlobalSection
	GlobalSection(ProjectConfigurationPlatforms) = postSolution
		{CF5A114C-6FDB-4AEA-8083-A188156B89C0}.Debug|Any CPU.ActiveCfg = Debug|Any CPU
		{CF5A114C-6FDB-4AEA-8083-A188156B89C0}.Debug|Any CPU.Build.0 = Debug|Any CPU
		{CF5A114C-6FDB-4AEA-8083-A188156B89C0}.Release|Any CPU.ActiveCfg = Release|Any CPU
		{CF5A114C-6FDB-4AEA-8083-A188156B89C0}.Release|Any CPU.Build.0 = Release|Any CPU
	EndGlobalSection
	GlobalSection(SolutionProperties) = preSolution
		HideSolutionNode = FALSE
	EndGlobalSection
	GlobalSection(ExtensibilityGlobals) = postSolution
		SolutionGuid = {1872DA3C-4280-4988-A4C8-BF29AB5B2A01}
	EndGlobalSection
EndGlobal
